// !$*UTF8*$!
{
	archiveVersion = 1;
	classes = {
	};
	objectVersion = 50;
	objects = {

/* Begin PBXBuildFile section */
		AF6049DD24C8BF4100C2222A /* AppDelegate.swift in Sources */ = {isa = PBXBuildFile; fileRef = AF6049DC24C8BF4100C2222A /* AppDelegate.swift */; };
		AF6049DF24C8BF4100C2222A /* SceneDelegate.swift in Sources */ = {isa = PBXBuildFile; fileRef = AF6049DE24C8BF4100C2222A /* SceneDelegate.swift */; };
		AF6049E124C8BF4100C2222A /* ViewController.swift in Sources */ = {isa = PBXBuildFile; fileRef = AF6049E024C8BF4100C2222A /* ViewController.swift */; };
		AF6049E424C8BF4200C2222A /* Main.storyboard in Resources */ = {isa = PBXBuildFile; fileRef = AF6049E224C8BF4200C2222A /* Main.storyboard */; };
		AF6049E724C8BF4200C2222A /* Custom_Postcard_Generator.xcdatamodeld in Sources */ = {isa = PBXBuildFile; fileRef = AF6049E524C8BF4200C2222A /* Custom_Postcard_Generator.xcdatamodeld */; };
		AF6049E924C8BF4300C2222A /* Assets.xcassets in Resources */ = {isa = PBXBuildFile; fileRef = AF6049E824C8BF4300C2222A /* Assets.xcassets */; };
		AF6049EC24C8BF4300C2222A /* LaunchScreen.storyboard in Resources */ = {isa = PBXBuildFile; fileRef = AF6049EA24C8BF4300C2222A /* LaunchScreen.storyboard */; };
		AF6049F724C8BF4300C2222A /* Custom_Postcard_GeneratorTests.swift in Sources */ = {isa = PBXBuildFile; fileRef = AF6049F624C8BF4300C2222A /* Custom_Postcard_GeneratorTests.swift */; };
		AF604A0224C8BF4300C2222A /* Custom_Postcard_GeneratorUITests.swift in Sources */ = {isa = PBXBuildFile; fileRef = AF604A0124C8BF4300C2222A /* Custom_Postcard_GeneratorUITests.swift */; };
		AF604A1024C8C96C00C2222A /* cardViewController.swift in Sources */ = {isa = PBXBuildFile; fileRef = AF604A0F24C8C96C00C2222A /* cardViewController.swift */; };
/* End PBXBuildFile section */

/* Begin PBXContainerItemProxy section */
		AF6049F324C8BF4300C2222A /* PBXContainerItemProxy */ = {
			isa = PBXContainerItemProxy;
			containerPortal = AF6049D124C8BF4100C2222A /* Project object */;
			proxyType = 1;
			remoteGlobalIDString = AF6049D824C8BF4100C2222A;
			remoteInfo = "Custom Postcard Generator";
		};
		AF6049FE24C8BF4300C2222A /* PBXContainerItemProxy */ = {
			isa = PBXContainerItemProxy;
			containerPortal = AF6049D124C8BF4100C2222A /* Project object */;
			proxyType = 1;
			remoteGlobalIDString = AF6049D824C8BF4100C2222A;
			remoteInfo = "Custom Postcard Generator";
		};
/* End PBXContainerItemProxy section */

/* Begin PBXFileReference section */
		AF6049D924C8BF4100C2222A /* Custom Postcard Generator.app */ = {isa = PBXFileReference; explicitFileType = wrapper.application; includeInIndex = 0; path = "Custom Postcard Generator.app"; sourceTree = BUILT_PRODUCTS_DIR; };
		AF6049DC24C8BF4100C2222A /* AppDelegate.swift */ = {isa = PBXFileReference; lastKnownFileType = sourcecode.swift; path = AppDelegate.swift; sourceTree = "<group>"; };
		AF6049DE24C8BF4100C2222A /* SceneDelegate.swift */ = {isa = PBXFileReference; lastKnownFileType = sourcecode.swift; path = SceneDelegate.swift; sourceTree = "<group>"; };
		AF6049E024C8BF4100C2222A /* ViewController.swift */ = {isa = PBXFileReference; lastKnownFileType = sourcecode.swift; path = ViewController.swift; sourceTree = "<group>"; };
		AF6049E324C8BF4200C2222A /* Base */ = {isa = PBXFileReference; lastKnownFileType = file.storyboard; name = Base; path = Base.lproj/Main.storyboard; sourceTree = "<group>"; };
		AF6049E624C8BF4200C2222A /* Custom_Postcard_Generator.xcdatamodel */ = {isa = PBXFileReference; lastKnownFileType = wrapper.xcdatamodel; path = Custom_Postcard_Generator.xcdatamodel; sourceTree = "<group>"; };
		AF6049E824C8BF4300C2222A /* Assets.xcassets */ = {isa = PBXFileReference; lastKnownFileType = folder.assetcatalog; path = Assets.xcassets; sourceTree = "<group>"; };
		AF6049EB24C8BF4300C2222A /* Base */ = {isa = PBXFileReference; lastKnownFileType = file.storyboard; name = Base; path = Base.lproj/LaunchScreen.storyboard; sourceTree = "<group>"; };
		AF6049ED24C8BF4300C2222A /* Info.plist */ = {isa = PBXFileReference; lastKnownFileType = text.plist.xml; path = Info.plist; sourceTree = "<group>"; };
		AF6049F224C8BF4300C2222A /* Custom Postcard GeneratorTests.xctest */ = {isa = PBXFileReference; explicitFileType = wrapper.cfbundle; includeInIndex = 0; path = "Custom Postcard GeneratorTests.xctest"; sourceTree = BUILT_PRODUCTS_DIR; };
		AF6049F624C8BF4300C2222A /* Custom_Postcard_GeneratorTests.swift */ = {isa = PBXFileReference; lastKnownFileType = sourcecode.swift; path = Custom_Postcard_GeneratorTests.swift; sourceTree = "<group>"; };
		AF6049F824C8BF4300C2222A /* Info.plist */ = {isa = PBXFileReference; lastKnownFileType = text.plist.xml; path = Info.plist; sourceTree = "<group>"; };
		AF6049FD24C8BF4300C2222A /* Custom Postcard GeneratorUITests.xctest */ = {isa = PBXFileReference; explicitFileType = wrapper.cfbundle; includeInIndex = 0; path = "Custom Postcard GeneratorUITests.xctest"; sourceTree = BUILT_PRODUCTS_DIR; };
		AF604A0124C8BF4300C2222A /* Custom_Postcard_GeneratorUITests.swift */ = {isa = PBXFileReference; lastKnownFileType = sourcecode.swift; path = Custom_Postcard_GeneratorUITests.swift; sourceTree = "<group>"; };
		AF604A0324C8BF4300C2222A /* Info.plist */ = {isa = PBXFileReference; lastKnownFileType = text.plist.xml; path = Info.plist; sourceTree = "<group>"; };
		AF604A0F24C8C96C00C2222A /* cardViewController.swift */ = {isa = PBXFileReference; lastKnownFileType = sourcecode.swift; path = cardViewController.swift; sourceTree = "<group>"; };
/* End PBXFileReference section */

/* Begin PBXFrameworksBuildPhase section */
		AF6049D624C8BF4100C2222A /* Frameworks */ = {
			isa = PBXFrameworksBuildPhase;
			buildActionMask = 2147483647;
			files = (
			);
			runOnlyForDeploymentPostprocessing = 0;
		};
		AF6049EF24C8BF4300C2222A /* Frameworks */ = {
			isa = PBXFrameworksBuildPhase;
			buildActionMask = 2147483647;
			files = (
			);
			runOnlyForDeploymentPostprocessing = 0;
		};
		AF6049FA24C8BF4300C2222A /* Frameworks */ = {
			isa = PBXFrameworksBuildPhase;
			buildActionMask = 2147483647;
			files = (
			);
			runOnlyForDeploymentPostprocessing = 0;
		};
/* End PBXFrameworksBuildPhase section */

/* Begin PBXGroup section */
		AF6049D024C8BF4100C2222A = {
			isa = PBXGroup;
			children = (
				AF6049DB24C8BF4100C2222A /* Custom Postcard Generator */,
				AF6049F524C8BF4300C2222A /* Custom Postcard GeneratorTests */,
				AF604A0024C8BF4300C2222A /* Custom Postcard GeneratorUITests */,
				AF6049DA24C8BF4100C2222A /* Products */,
			);
			sourceTree = "<group>";
		};
		AF6049DA24C8BF4100C2222A /* Products */ = {
			isa = PBXGroup;
			children = (
				AF6049D924C8BF4100C2222A /* Custom Postcard Generator.app */,
				AF6049F224C8BF4300C2222A /* Custom Postcard GeneratorTests.xctest */,
				AF6049FD24C8BF4300C2222A /* Custom Postcard GeneratorUITests.xctest */,
			);
			name = Products;
			sourceTree = "<group>";
		};
		AF6049DB24C8BF4100C2222A /* Custom Postcard Generator */ = {
			isa = PBXGroup;
			children = (
				AF6049DC24C8BF4100C2222A /* AppDelegate.swift */,
				AF6049DE24C8BF4100C2222A /* SceneDelegate.swift */,
				AF6049E024C8BF4100C2222A /* ViewController.swift */,
				AF6049E224C8BF4200C2222A /* Main.storyboard */,
				AF604A0F24C8C96C00C2222A /* cardViewController.swift */,
				AF6049E824C8BF4300C2222A /* Assets.xcassets */,
				AF6049EA24C8BF4300C2222A /* LaunchScreen.storyboard */,
				AF6049ED24C8BF4300C2222A /* Info.plist */,
				AF6049E524C8BF4200C2222A /* Custom_Postcard_Generator.xcdatamodeld */,
			);
			path = "Custom Postcard Generator";
			sourceTree = "<group>";
		};
		AF6049F524C8BF4300C2222A /* Custom Postcard GeneratorTests */ = {
			isa = PBXGroup;
			children = (
				AF6049F624C8BF4300C2222A /* Custom_Postcard_GeneratorTests.swift */,
				AF6049F824C8BF4300C2222A /* Info.plist */,
			);
			path = "Custom Postcard GeneratorTests";
			sourceTree = "<group>";
		};
		AF604A0024C8BF4300C2222A /* Custom Postcard GeneratorUITests */ = {
			isa = PBXGroup;
			children = (
				AF604A0124C8BF4300C2222A /* Custom_Postcard_GeneratorUITests.swift */,
				AF604A0324C8BF4300C2222A /* Info.plist */,
			);
			path = "Custom Postcard GeneratorUITests";
			sourceTree = "<group>";
		};
/* End PBXGroup section */

/* Begin PBXNativeTarget section */
		AF6049D824C8BF4100C2222A /* Custom Postcard Generator */ = {
			isa = PBXNativeTarget;
			buildConfigurationList = AF604A0624C8BF4300C2222A /* Build configuration list for PBXNativeTarget "Custom Postcard Generator" */;
			buildPhases = (
				AF6049D524C8BF4100C2222A /* Sources */,
				AF6049D624C8BF4100C2222A /* Frameworks */,
				AF6049D724C8BF4100C2222A /* Resources */,
			);
			buildRules = (
			);
			dependencies = (
			);
			name = "Custom Postcard Generator";
			productName = "Custom Postcard Generator";
			productReference = AF6049D924C8BF4100C2222A /* Custom Postcard Generator.app */;
			productType = "com.apple.product-type.application";
		};
		AF6049F124C8BF4300C2222A /* Custom Postcard GeneratorTests */ = {
			isa = PBXNativeTarget;
			buildConfigurationList = AF604A0924C8BF4300C2222A /* Build configuration list for PBXNativeTarget "Custom Postcard GeneratorTests" */;
			buildPhases = (
				AF6049EE24C8BF4300C2222A /* Sources */,
				AF6049EF24C8BF4300C2222A /* Frameworks */,
				AF6049F024C8BF4300C2222A /* Resources */,
			);
			buildRules = (
			);
			dependencies = (
				AF6049F424C8BF4300C2222A /* PBXTargetDependency */,
			);
			name = "Custom Postcard GeneratorTests";
			productName = "Custom Postcard GeneratorTests";
			productReference = AF6049F224C8BF4300C2222A /* Custom Postcard GeneratorTests.xctest */;
			productType = "com.apple.product-type.bundle.unit-test";
		};
		AF6049FC24C8BF4300C2222A /* Custom Postcard GeneratorUITests */ = {
			isa = PBXNativeTarget;
			buildConfigurationList = AF604A0C24C8BF4300C2222A /* Build configuration list for PBXNativeTarget "Custom Postcard GeneratorUITests" */;
			buildPhases = (
				AF6049F924C8BF4300C2222A /* Sources */,
				AF6049FA24C8BF4300C2222A /* Frameworks */,
				AF6049FB24C8BF4300C2222A /* Resources */,
			);
			buildRules = (
			);
			dependencies = (
				AF6049FF24C8BF4300C2222A /* PBXTargetDependency */,
			);
			name = "Custom Postcard GeneratorUITests";
			productName = "Custom Postcard GeneratorUITests";
			productReference = AF6049FD24C8BF4300C2222A /* Custom Postcard GeneratorUITests.xctest */;
			productType = "com.apple.product-type.bundle.ui-testing";
		};
/* End PBXNativeTarget section */

/* Begin PBXProject section */
		AF6049D124C8BF4100C2222A /* Project object */ = {
			isa = PBXProject;
			attributes = {
				LastSwiftUpdateCheck = 1120;
				LastUpgradeCheck = 1120;
				ORGANIZATIONNAME = "Utkarsh Dixit";
				TargetAttributes = {
					AF6049D824C8BF4100C2222A = {
						CreatedOnToolsVersion = 11.2.1;
					};
					AF6049F124C8BF4300C2222A = {
						CreatedOnToolsVersion = 11.2.1;
						TestTargetID = AF6049D824C8BF4100C2222A;
					};
					AF6049FC24C8BF4300C2222A = {
						CreatedOnToolsVersion = 11.2.1;
						TestTargetID = AF6049D824C8BF4100C2222A;
					};
				};
			};
			buildConfigurationList = AF6049D424C8BF4100C2222A /* Build configuration list for PBXProject "Custom Postcard Generator" */;
			compatibilityVersion = "Xcode 9.3";
			developmentRegion = en;
			hasScannedForEncodings = 0;
			knownRegions = (
				en,
				Base,
			);
			mainGroup = AF6049D024C8BF4100C2222A;
			productRefGroup = AF6049DA24C8BF4100C2222A /* Products */;
			projectDirPath = "";
			projectRoot = "";
			targets = (
				AF6049D824C8BF4100C2222A /* Custom Postcard Generator */,
				AF6049F124C8BF4300C2222A /* Custom Postcard GeneratorTests */,
				AF6049FC24C8BF4300C2222A /* Custom Postcard GeneratorUITests */,
			);
		};
/* End PBXProject section */

/* Begin PBXResourcesBuildPhase section */
		AF6049D724C8BF4100C2222A /* Resources */ = {
			isa = PBXResourcesBuildPhase;
			buildActionMask = 2147483647;
			files = (
				AF6049EC24C8BF4300C2222A /* LaunchScreen.storyboard in Resources */,
				AF6049E924C8BF4300C2222A /* Assets.xcassets in Resources */,
				AF6049E424C8BF4200C2222A /* Main.storyboard in Resources */,
			);
			runOnlyForDeploymentPostprocessing = 0;
		};
		AF6049F024C8BF4300C2222A /* Resources */ = {
			isa = PBXResourcesBuildPhase;
			buildActionMask = 2147483647;
			files = (
			);
			runOnlyForDeploymentPostprocessing = 0;
		};
		AF6049FB24C8BF4300C2222A /* Resources */ = {
			isa = PBXResourcesBuildPhase;
			buildActionMask = 2147483647;
			files = (
			);
			runOnlyForDeploymentPostprocessing = 0;
		};
/* End PBXResourcesBuildPhase section */

/* Begin PBXSourcesBuildPhase section */
		AF6049D524C8BF4100C2222A /* Sources */ = {
			isa = PBXSourcesBuildPhase;
			buildActionMask = 2147483647;
			files = (
				AF6049E124C8BF4100C2222A /* ViewController.swift in Sources */,
				AF604A1024C8C96C00C2222A /* cardViewController.swift in Sources */,
				AF6049DD24C8BF4100C2222A /* AppDelegate.swift in Sources */,
				AF6049E724C8BF4200C2222A /* Custom_Postcard_Generator.xcdatamodeld in Sources */,
				AF6049DF24C8BF4100C2222A /* SceneDelegate.swift in Sources */,
			);
			runOnlyForDeploymentPostprocessing = 0;
		};
		AF6049EE24C8BF4300C2222A /* Sources */ = {
			isa = PBXSourcesBuildPhase;
			buildActionMask = 2147483647;
			files = (
				AF6049F724C8BF4300C2222A /* Custom_Postcard_GeneratorTests.swift in Sources */,
			);
			runOnlyForDeploymentPostprocessing = 0;
		};
		AF6049F924C8BF4300C2222A /* Sources */ = {
			isa = PBXSourcesBuildPhase;
			buildActionMask = 2147483647;
			files = (
				AF604A0224C8BF4300C2222A /* Custom_Postcard_GeneratorUITests.swift in Sources */,
			);
			runOnlyForDeploymentPostprocessing = 0;
		};
/* End PBXSourcesBuildPhase section */

/* Begin PBXTargetDependency section */
		AF6049F424C8BF4300C2222A /* PBXTargetDependency */ = {
			isa = PBXTargetDependency;
			target = AF6049D824C8BF4100C2222A /* Custom Postcard Generator */;
			targetProxy = AF6049F324C8BF4300C2222A /* PBXContainerItemProxy */;
		};
		AF6049FF24C8BF4300C2222A /* PBXTargetDependency */ = {
			isa = PBXTargetDependency;
			target = AF6049D824C8BF4100C2222A /* Custom Postcard Generator */;
			targetProxy = AF6049FE24C8BF4300C2222A /* PBXContainerItemProxy */;
		};
/* End PBXTargetDependency section */

/* Begin PBXVariantGroup section */
		AF6049E224C8BF4200C2222A /* Main.storyboard */ = {
			isa = PBXVariantGroup;
			children = (
				AF6049E324C8BF4200C2222A /* Base */,
			);
			name = Main.storyboard;
			sourceTree = "<group>";
		};
		AF6049EA24C8BF4300C2222A /* LaunchScreen.storyboard */ = {
			isa = PBXVariantGroup;
			children = (
				AF6049EB24C8BF4300C2222A /* Base */,
			);
			name = LaunchScreen.storyboard;
			sourceTree = "<group>";
		};
/* End PBXVariantGroup section */

/* Begin XCBuildConfiguration section */
		AF604A0424C8BF4300C2222A /* Debug */ = {
			isa = XCBuildConfiguration;
			buildSettings = {
				ALWAYS_SEARCH_USER_PATHS = NO;
				CLANG_ANALYZER_NONNULL = YES;
				CLANG_ANALYZER_NUMBER_OBJECT_CONVERSION = YES_AGGRESSIVE;
				CLANG_CXX_LANGUAGE_STANDARD = "gnu++14";
				CLANG_CXX_LIBRARY = "libc++";
				CLANG_ENABLE_MODULES = YES;
				CLANG_ENABLE_OBJC_ARC = YES;
				CLANG_ENABLE_OBJC_WEAK = YES;
				CLANG_WARN_BLOCK_CAPTURE_AUTORELEASING = YES;
				CLANG_WARN_BOOL_CONVERSION = YES;
				CLANG_WARN_COMMA = YES;
				CLANG_WARN_CONSTANT_CONVERSION = YES;
				CLANG_WARN_DEPRECATED_OBJC_IMPLEMENTATIONS = YES;
				CLANG_WARN_DIRECT_OBJC_ISA_USAGE = YES_ERROR;
				CLANG_WARN_DOCUMENTATION_COMMENTS = YES;
				CLANG_WARN_EMPTY_BODY = YES;
				CLANG_WARN_ENUM_CONVERSION = YES;
				CLANG_WARN_INFINITE_RECURSION = YES;
				CLANG_WARN_INT_CONVERSION = YES;
				CLANG_WARN_NON_LITERAL_NULL_CONVERSION = YES;
				CLANG_WARN_OBJC_IMPLICIT_RETAIN_SELF = YES;
				CLANG_WARN_OBJC_LITERAL_CONVERSION = YES;
				CLANG_WARN_OBJC_ROOT_CLASS = YES_ERROR;
				CLANG_WARN_RANGE_LOOP_ANALYSIS = YES;
				CLANG_WARN_STRICT_PROTOTYPES = YES;
				CLANG_WARN_SUSPICIOUS_MOVE = YES;
				CLANG_WARN_UNGUARDED_AVAILABILITY = YES_AGGRESSIVE;
				CLANG_WARN_UNREACHABLE_CODE = YES;
				CLANG_WARN__DUPLICATE_METHOD_MATCH = YES;
				COPY_PHASE_STRIP = NO;
				DEBUG_INFORMATION_FORMAT = dwarf;
				ENABLE_STRICT_OBJC_MSGSEND = YES;
				ENABLE_TESTABILITY = YES;
				GCC_C_LANGUAGE_STANDARD = gnu11;
				GCC_DYNAMIC_NO_PIC = NO;
				GCC_NO_COMMON_BLOCKS = YES;
				GCC_OPTIMIZATION_LEVEL = 0;
				GCC_PREPROCESSOR_DEFINITIONS = (
					"DEBUG=1",
					"$(inherited)",
				);
				GCC_WARN_64_TO_32_BIT_CONVERSION = YES;
				GCC_WARN_ABOUT_RETURN_TYPE = YES_ERROR;
				GCC_WARN_UNDECLARED_SELECTOR = YES;
				GCC_WARN_UNINITIALIZED_AUTOS = YES_AGGRESSIVE;
				GCC_WARN_UNUSED_FUNCTION = YES;
				GCC_WARN_UNUSED_VARIABLE = YES;
				IPHONEOS_DEPLOYMENT_TARGET = 13.2;
				MTL_ENABLE_DEBUG_INFO = INCLUDE_SOURCE;
				MTL_FAST_MATH = YES;
				ONLY_ACTIVE_ARCH = YES;
				SDKROOT = iphoneos;
				SWIFT_ACTIVE_COMPILATION_CONDITIONS = DEBUG;
				SWIFT_OPTIMIZATION_LEVEL = "-Onone";
			};
			name = Debug;
		};
		AF604A0524C8BF4300C2222A /* Release */ = {
			isa = XCBuildConfiguration;
			buildSettings = {
				ALWAYS_SEARCH_USER_PATHS = NO;
				CLANG_ANALYZER_NONNULL = YES;
				CLANG_ANALYZER_NUMBER_OBJECT_CONVERSION = YES_AGGRESSIVE;
				CLANG_CXX_LANGUAGE_STANDARD = "gnu++14";
				CLANG_CXX_LIBRARY = "libc++";
				CLANG_ENABLE_MODULES = YES;
				CLANG_ENABLE_OBJC_ARC = YES;
				CLANG_ENABLE_OBJC_WEAK = YES;
				CLANG_WARN_BLOCK_CAPTURE_AUTORELEASING = YES;
				CLANG_WARN_BOOL_CONVERSION = YES;
				CLANG_WARN_COMMA = YES;
				CLANG_WARN_CONSTANT_CONVERSION = YES;
				CLANG_WARN_DEPRECATED_OBJC_IMPLEMENTATIONS = YES;
				CLANG_WARN_DIRECT_OBJC_ISA_USAGE = YES_ERROR;
				CLANG_WARN_DOCUMENTATION_COMMENTS = YES;
				CLANG_WARN_EMPTY_BODY = YES;
				CLANG_WARN_ENUM_CONVERSION = YES;
				CLANG_WARN_INFINITE_RECURSION = YES;
				CLANG_WARN_INT_CONVERSION = YES;
				CLANG_WARN_NON_LITERAL_NULL_CONVERSION = YES;
				CLANG_WARN_OBJC_IMPLICIT_RETAIN_SELF = YES;
				CLANG_WARN_OBJC_LITERAL_CONVERSION = YES;
				CLANG_WARN_OBJC_ROOT_CLASS = YES_ERROR;
				CLANG_WARN_RANGE_LOOP_ANALYSIS = YES;
				CLANG_WARN_STRICT_PROTOTYPES = YES;
				CLANG_WARN_SUSPICIOUS_MOVE = YES;
				CLANG_WARN_UNGUARDED_AVAILABILITY = YES_AGGRESSIVE;
				CLANG_WARN_UNREACHABLE_CODE = YES;
				CLANG_WARN__DUPLICATE_METHOD_MATCH = YES;
				COPY_PHASE_STRIP = NO;
				DEBUG_INFORMATION_FORMAT = "dwarf-with-dsym";
				ENABLE_NS_ASSERTIONS = NO;
				ENABLE_STRICT_OBJC_MSGSEND = YES;
				GCC_C_LANGUAGE_STANDARD = gnu11;
				GCC_NO_COMMON_BLOCKS = YES;
				GCC_WARN_64_TO_32_BIT_CONVERSION = YES;
				GCC_WARN_ABOUT_RETURN_TYPE = YES_ERROR;
				GCC_WARN_UNDECLARED_SELECTOR = YES;
				GCC_WARN_UNINITIALIZED_AUTOS = YES_AGGRESSIVE;
				GCC_WARN_UNUSED_FUNCTION = YES;
				GCC_WARN_UNUSED_VARIABLE = YES;
				IPHONEOS_DEPLOYMENT_TARGET = 13.2;
				MTL_ENABLE_DEBUG_INFO = NO;
				MTL_FAST_MATH = YES;
				SDKROOT = iphoneos;
				SWIFT_COMPILATION_MODE = wholemodule;
				SWIFT_OPTIMIZATION_LEVEL = "-O";
				VALIDATE_PRODUCT = YES;
			};
			name = Release;
		};
		AF604A0724C8BF4300C2222A /* Debug */ = {
			isa = XCBuildConfiguration;
			buildSettings = {
				ASSETCATALOG_COMPILER_APPICON_NAME = AppIcon;
				CODE_SIGN_STYLE = Automatic;
				DEVELOPMENT_TEAM = 5966D3T864;
				INFOPLIST_FILE = "Custom Postcard Generator/Info.plist";
				LD_RUNPATH_SEARCH_PATHS = (
					"$(inherited)",
					"@executable_path/Frameworks",
				);
				PRODUCT_BUNDLE_IDENTIFIER = "co.fakeyudi.Custom-Postcard-Generator";
				PRODUCT_NAME = "$(TARGET_NAME)";
				SWIFT_VERSION = 5.0;
				TARGETED_DEVICE_FAMILY = "1,2";
			};
			name = Debug;
		};
		AF604A0824C8BF4300C2222A /* Release */ = {
			isa = XCBuildConfiguration;
			buildSettings = {
				ASSETCATALOG_COMPILER_APPICON_NAME = AppIcon;
				CODE_SIGN_STYLE = Automatic;
				DEVELOPMENT_TEAM = 5966D3T864;
				INFOPLIST_FILE = "Custom Postcard Generator/Info.plist";
				LD_RUNPATH_SEARCH_PATHS = (
					"$(inherited)",
					"@executable_path/Frameworks",
				);
				PRODUCT_BUNDLE_IDENTIFIER = "co.fakeyudi.Custom-Postcard-Generator";
				PRODUCT_NAME = "$(TARGET_NAME)";
				SWIFT_VERSION = 5.0;
				TARGETED_DEVICE_FAMILY = "1,2";
			};
			name = Release;
		};
		AF604A0A24C8BF4300C2222A /* Debug */ = {
			isa = XCBuildConfiguration;
			buildSettings = {
				ALWAYS_EMBED_SWIFT_STANDARD_LIBRARIES = YES;
				BUNDLE_LOADER = "$(TEST_HOST)";
				CODE_SIGN_STYLE = Automatic;
				DEVELOPMENT_TEAM = 5966D3T864;
				INFOPLIST_FILE = "Custom Postcard GeneratorTests/Info.plist";
				IPHONEOS_DEPLOYMENT_TARGET = 13.2;
				LD_RUNPATH_SEARCH_PATHS = (
					"$(inherited)",
					"@executable_path/Frameworks",
					"@loader_path/Frameworks",
				);
				PRODUCT_BUNDLE_IDENTIFIER = "co.fakeyudi.Custom-Postcard-GeneratorTests";
				PRODUCT_NAME = "$(TARGET_NAME)";
				SWIFT_VERSION = 5.0;
				TARGETED_DEVICE_FAMILY = "1,2";
				TEST_HOST = "$(BUILT_PRODUCTS_DIR)/Custom Postcard Generator.app/Custom Postcard Generator";
			};
			name = Debug;
		};
		AF604A0B24C8BF4300C2222A /* Release */ = {
			isa = XCBuildConfiguration;
			buildSettings = {
				ALWAYS_EMBED_SWIFT_STANDARD_LIBRARIES = YES;
				BUNDLE_LOADER = "$(TEST_HOST)";
				CODE_SIGN_STYLE = Automatic;
				DEVELOPMENT_TEAM = 5966D3T864;
				INFOPLIST_FILE = "Custom Postcard GeneratorTests/Info.plist";
				IPHONEOS_DEPLOYMENT_TARGET = 13.2;
				LD_RUNPATH_SEARCH_PATHS = (
					"$(inherited)",
					"@executable_path/Frameworks",
					"@loader_path/Frameworks",
				);
				PRODUCT_BUNDLE_IDENTIFIER = "co.fakeyudi.Custom-Postcard-GeneratorTests";
				PRODUCT_NAME = "$(TARGET_NAME)";
				SWIFT_VERSION = 5.0;
				TARGETED_DEVICE_FAMILY = "1,2";
				TEST_HOST = "$(BUILT_PRODUCTS_DIR)/Custom Postcard Generator.app/Custom Postcard Generator";
			};
			name = Release;
		};
		AF604A0D24C8BF4300C2222A /* Debug */ = {
			isa = XCBuildConfiguration;
			buildSettings = {
				ALWAYS_EMBED_SWIFT_STANDARD_LIBRARIES = YES;
				CODE_SIGN_STYLE = Automatic;
				DEVELOPMENT_TEAM = 5966D3T864;
				INFOPLIST_FILE = "Custom Postcard GeneratorUITests/Info.plist";
				LD_RUNPATH_SEARCH_PATHS = (
					"$(inherited)",
					"@executable_path/Frameworks",
					"@loader_path/Frameworks",
				);
				PRODUCT_BUNDLE_IDENTIFIER = "co.fakeyudi.Custom-Postcard-GeneratorUITests";
				PRODUCT_NAME = "$(TARGET_NAME)";
				SWIFT_VERSION = 5.0;
				TARGETED_DEVICE_FAMILY = "1,2";
				TEST_TARGET_NAME = "Custom Postcard Generator";
			};
			name = Debug;
		};
		AF604A0E24C8BF4300C2222A /* Release */ = {
			isa = XCBuildConfiguration;
			buildSettings = {
				ALWAYS_EMBED_SWIFT_STANDARD_LIBRARIES = YES;
				CODE_SIGN_STYLE = Automatic;
				DEVELOPMENT_TEAM = 5966D3T864;
				INFOPLIST_FILE = "Custom Postcard GeneratorUITests/Info.plist";
				LD_RUNPATH_SEARCH_PATHS = (
					"$(inherited)",
					"@executable_path/Frameworks",
					"@loader_path/Frameworks",
				);
				PRODUCT_BUNDLE_IDENTIFIER = "co.fakeyudi.Custom-Postcard-GeneratorUITests";
				PRODUCT_NAME = "$(TARGET_NAME)";
				SWIFT_VERSION = 5.0;
				TARGETED_DEVICE_FAMILY = "1,2";
				TEST_TARGET_NAME = "Custom Postcard Generator";
			};
			name = Release;
		};
/* End XCBuildConfiguration section */

/* Begin XCConfigurationList section */
		AF6049D424C8BF4100C2222A /* Build configuration list for PBXProject "Custom Postcard Generator" */ = {
			isa = XCConfigurationList;
			buildConfigurations = (
				AF604A0424C8BF4300C2222A /* Debug */,
				AF604A0524C8BF4300C2222A /* Release */,
			);
			defaultConfigurationIsVisible = 0;
			defaultConfigurationName = Release;
		};
		AF604A0624C8BF4300C2222A /* Build configuration list for PBXNativeTarget "Custom Postcard Generator" */ = {
			isa = XCConfigurationList;
			buildConfigurations = (
				AF604A0724C8BF4300C2222A /* Debug */,
				AF604A0824C8BF4300C2222A /* Release */,
			);
			defaultConfigurationIsVisible = 0;
			defaultConfigurationName = Release;
		};
		AF604A0924C8BF4300C2222A /* Build configuration list for PBXNativeTarget "Custom Postcard GeneratorTests" */ = {
			isa = XCConfigurationList;
			buildConfigurations = (
				AF604A0A24C8BF4300C2222A /* Debug */,
				AF604A0B24C8BF4300C2222A /* Release */,
			);
			defaultConfigurationIsVisible = 0;
			defaultConfigurationName = Release;
		};
		AF604A0C24C8BF4300C2222A /* Build configuration list for PBXNativeTarget "Custom Postcard GeneratorUITests" */ = {
			isa = XCConfigurationList;
			buildConfigurations = (
				AF604A0D24C8BF4300C2222A /* Debug */,
				AF604A0E24C8BF4300C2222A /* Release */,
			);
			defaultConfigurationIsVisible = 0;
			defaultConfigurationName = Release;
		};
/* End XCConfigurationList section */

/* Begin XCVersionGroup section */
		AF6049E524C8BF4200C2222A /* Custom_Postcard_Generator.xcdatamodeld */ = {
			isa = XCVersionGroup;
			children = (
				AF6049E624C8BF4200C2222A /* Custom_Postcard_Generator.xcdatamodel */,
			);
			currentVersion = AF6049E624C8BF4200C2222A /* Custom_Postcard_Generator.xcdatamodel */;
			path = Custom_Postcard_Generator.xcdatamodeld;
			sourceTree = "<group>";
			versionGroupType = wrapper.xcdatamodel;
		};
/* End XCVersionGroup section */
	};
	rootObject = AF6049D124C8BF4100C2222A /* Project object */;
}
